<?xml version="1.0" encoding="utf-8"?>
<Project ToolsVersion="17.0" xmlns="http://schemas.microsoft.com/developer/msbuild/2003">
  <ItemGroup>
    <CustomBuild Include="C:\Users\oussa\Desktop\Carpetas\UAB\4 curso\1 cuatri\VGI\bullet3-master\bullet3-master\build3\CMakeFiles\433fc9292db3504be9fb0f0d31bab8da\RUN_TESTS_force.rule">
      <Filter>CMake Rules</Filter>
    </CustomBuild>
  </ItemGroup>
  <ItemGroup>
    <Filter Include="CMake Rules">
      <UniqueIdentifier>{34A80CA5-FD65-31EC-B796-B560F5826831}</UniqueIdentifier>
    </Filter>
  </ItemGroup>
</Project>
